
Microsoft Visual Studio Solution File, Format Version 12.00
# Visual Studio Version 16
VisualStudioVersion = 16.0.30128.74
MinimumVisualStudioVersion = 10.0.40219.1
Project("{FAE04EC0-301F-11D3-BF4B-00C04F79EFBC}") = "TestCIMerging", "TestCIMerging\TestCIMerging.csproj", "{C24DAB81-237E-4962-A7CB-D75873E9D41D}"
EndProject
Global
	GlobalSection(SolutionConfigurationPlatforms) = preSolution
		Debug|Any CPU = Debug|Any CPU
		Release|Any CPU = Release|Any CPU
	EndGlobalSection
	GlobalSection(ProjectConfigurationPlatforms) = postSolution
		{C24DAB81-237E-4962-A7CB-D75873E9D41D}.Debug|Any CPU.ActiveCfg = Debug|Any CPU
		{C24DAB81-237E-4962-A7CB-D75873E9D41D}.Debug|Any CPU.Build.0 = Debug|Any CPU
		{C24DAB81-237E-4962-A7CB-D75873E9D41D}.Release|Any CPU.ActiveCfg = Release|Any CPU
		{C24DAB81-237E-4962-A7CB-D75873E9D41D}.Release|Any CPU.Build.0 = Release|Any CPU
	EndGlobalSection
	GlobalSection(SolutionProperties) = preSolution
		HideSolutionNode = FALSE
	EndGlobalSection
	GlobalSection(ExtensibilityGlobals) = postSolution
		SolutionGuid = {DD7EF8CD-13FC-4EFB-AFF6-093DF6F5E9D4}
	EndGlobalSection
EndGlobal
